
Microsoft Visual Studio Solution File, Format Version 12.00
# Visual Studio Version 17
VisualStudioVersion = 17.3.32901.215
MinimumVisualStudioVersion = 10.0.40219.1
Project("{FAE04EC0-301F-11D3-BF4B-00C04F79EFBC}") = "test-api", "test-api\test-api.csproj", "{2C6C7B8E-0577-4BF3-BC68-4B72010CA6ED}"
EndProject
Global
	GlobalSection(SolutionConfigurationPlatforms) = preSolution
		Debug|Any CPU = Debug|Any CPU
		Release|Any CPU = Release|Any CPU
	EndGlobalSection
	GlobalSection(ProjectConfigurationPlatforms) = postSolution
		{2C6C7B8E-0577-4BF3-BC68-4B72010CA6ED}.Debug|Any CPU.ActiveCfg = Debug|Any CPU
		{2C6C7B8E-0577-4BF3-BC68-4B72010CA6ED}.Debug|Any CPU.Build.0 = Debug|Any CPU
		{2C6C7B8E-0577-4BF3-BC68-4B72010CA6ED}.Release|Any CPU.ActiveCfg = Release|Any CPU
		{2C6C7B8E-0577-4BF3-BC68-4B72010CA6ED}.Release|Any CPU.Build.0 = Release|Any CPU
	EndGlobalSection
	GlobalSection(SolutionProperties) = preSolution
		HideSolutionNode = FALSE
	EndGlobalSection
	GlobalSection(ExtensibilityGlobals) = postSolution
		SolutionGuid = {5F0977F6-01B5-4646-BF2D-10057CF890B7}
	EndGlobalSection
EndGlobal
