
Microsoft Visual Studio Solution File, Format Version 12.00
# Visual Studio Version 17
VisualStudioVersion = 17.3.32901.215
MinimumVisualStudioVersion = 10.0.40219.1
Project("{FAE04EC0-301F-11D3-BF4B-00C04F79EFBC}") = "docker-test", "docker-test\docker-test.csproj", "{414D5E73-C248-49A9-A37B-563A12F36731}"
EndProject
Global
	GlobalSection(SolutionConfigurationPlatforms) = preSolution
		Debug|Any CPU = Debug|Any CPU
		Release|Any CPU = Release|Any CPU
	EndGlobalSection
	GlobalSection(ProjectConfigurationPlatforms) = postSolution
		{414D5E73-C248-49A9-A37B-563A12F36731}.Debug|Any CPU.ActiveCfg = Debug|Any CPU
		{414D5E73-C248-49A9-A37B-563A12F36731}.Debug|Any CPU.Build.0 = Debug|Any CPU
		{414D5E73-C248-49A9-A37B-563A12F36731}.Release|Any CPU.ActiveCfg = Release|Any CPU
		{414D5E73-C248-49A9-A37B-563A12F36731}.Release|Any CPU.Build.0 = Release|Any CPU
	EndGlobalSection
	GlobalSection(SolutionProperties) = preSolution
		HideSolutionNode = FALSE
	EndGlobalSection
	GlobalSection(ExtensibilityGlobals) = postSolution
		SolutionGuid = {6A18505F-1634-442C-86B5-3A4B9D249A07}
	EndGlobalSection
EndGlobal
